
Microsoft Visual Studio Solution File, Format Version 12.00
# Visual Studio Version 17
VisualStudioVersion = 17.0.32014.148
MinimumVisualStudioVersion = 10.0.40219.1
Project("{FAE04EC0-301F-11D3-BF4B-00C04F79EFBC}") = "Database_project", "Database_project\Database_project.csproj", "{A7F0F85C-8743-4037-93C3-733668204715}"
EndProject
Global
	GlobalSection(SolutionConfigurationPlatforms) = preSolution
		Debug|Any CPU = Debug|Any CPU
		Release|Any CPU = Release|Any CPU
	EndGlobalSection
	GlobalSection(ProjectConfigurationPlatforms) = postSolution
		{A7F0F85C-8743-4037-93C3-733668204715}.Debug|Any CPU.ActiveCfg = Debug|Any CPU
		{A7F0F85C-8743-4037-93C3-733668204715}.Debug|Any CPU.Build.0 = Debug|Any CPU
		{A7F0F85C-8743-4037-93C3-733668204715}.Release|Any CPU.ActiveCfg = Release|Any CPU
		{A7F0F85C-8743-4037-93C3-733668204715}.Release|Any CPU.Build.0 = Release|Any CPU
	EndGlobalSection
	GlobalSection(SolutionProperties) = preSolution
		HideSolutionNode = FALSE
	EndGlobalSection
	GlobalSection(ExtensibilityGlobals) = postSolution
		SolutionGuid = {1770820B-42B6-44D3-994E-D366820AAC00}
	EndGlobalSection
EndGlobal
